PODS:
  - Flutter (1.0.0)
  - ondoc_flut_opentok (0.0.16):
    - Flutter
    - OpenTok (= 2.19.0)
    - SnapKit (~> 5.0.1)
  - OpenTok (2.19.0)
  - SnapKit (5.0.1)

DEPENDENCIES:
  - Flutter (from `Flutter`)
  - ondoc_flut_opentok (from `.symlinks/plugins/ondoc_flut_opentok/ios`)

SPEC REPOS:
  trunk:
    - OpenTok
    - SnapKit

EXTERNAL SOURCES:
  Flutter:
    :path: Flutter
  ondoc_flut_opentok:
    :path: ".symlinks/plugins/ondoc_flut_opentok/ios"

SPEC CHECKSUMS:
  Flutter: 434fef37c0980e73bb6479ef766c45957d4b510c
  ondoc_flut_opentok: de3c75d976d8eed50243c7e66d6c99ac45b5015d
  OpenTok: 3ac356cce06545a573234582702abaf671d44909
  SnapKit: 97b92857e3df3a0c71833cce143274bf6ef8e5eb

PODFILE CHECKSUM: c131917ade7909ffba4175eb2a45402e1adab94f

COCOAPODS: 1.10.1
